// !$*UTF8*$!
{
	archiveVersion = 1;
	classes = {
	};
	objectVersion = 55;
	objects = {

/* Begin PBXBuildFile section */
		21011C7228B84F4F0017A215 /* DrawArrowCGBlendViewController.swift in Sources */ = {isa = PBXBuildFile; fileRef = 21011C7128B84F4F0017A215 /* DrawArrowCGBlendViewController.swift */; };
		21011C7428B84F640017A215 /* DrawArrowUIKitViewController.swift in Sources */ = {isa = PBXBuildFile; fileRef = 21011C7328B84F640017A215 /* DrawArrowUIKitViewController.swift */; };
		21011C7628B853790017A215 /* ArrowCGBlendView.swift in Sources */ = {isa = PBXBuildFile; fileRef = 21011C7528B853790017A215 /* ArrowCGBlendView.swift */; };
		21011C7828B859880017A215 /* ArrowUIKitView.swift in Sources */ = {isa = PBXBuildFile; fileRef = 21011C7728B859880017A215 /* ArrowUIKitView.swift */; };
		21011C7A28B85ED30017A215 /* DrawArrowCGClippingViewController.swift in Sources */ = {isa = PBXBuildFile; fileRef = 21011C7928B85ED30017A215 /* DrawArrowCGClippingViewController.swift */; };
		210218762895B92300195DC9 /* AppDelegate.swift in Sources */ = {isa = PBXBuildFile; fileRef = 210218752895B92300195DC9 /* AppDelegate.swift */; };
		210218782895B92300195DC9 /* SceneDelegate.swift in Sources */ = {isa = PBXBuildFile; fileRef = 210218772895B92300195DC9 /* SceneDelegate.swift */; };
		2102187A2895B92300195DC9 /* RootViewController.swift in Sources */ = {isa = PBXBuildFile; fileRef = 210218792895B92300195DC9 /* RootViewController.swift */; };
		2102187F2895B92400195DC9 /* Assets.xcassets in Resources */ = {isa = PBXBuildFile; fileRef = 2102187E2895B92400195DC9 /* Assets.xcassets */; };
		210218822895B92400195DC9 /* LaunchScreen.storyboard in Resources */ = {isa = PBXBuildFile; fileRef = 210218802895B92400195DC9 /* LaunchScreen.storyboard */; };
		2165228D28BF0BBA0039329F /* ArrowRotateView.swift in Sources */ = {isa = PBXBuildFile; fileRef = 2165228C28BF0BBA0039329F /* ArrowRotateView.swift */; };
		217EA76C28B9197000CB24F8 /* ArrowClippingView.swift in Sources */ = {isa = PBXBuildFile; fileRef = 217EA76B28B9197000CB24F8 /* ArrowClippingView.swift */; };
		2189237D28BEEF8A00704598 /* ArrowPatternView.swift in Sources */ = {isa = PBXBuildFile; fileRef = 2189237C28BEEF8A00704598 /* ArrowPatternView.swift */; };
		2189237F28BEF08400704598 /* DrawArrowPatternViewController.swift in Sources */ = {isa = PBXBuildFile; fileRef = 2189237E28BEF08400704598 /* DrawArrowPatternViewController.swift */; };
		21F12D5528C1807300784750 /* DrawArrowRotateViewController.swift in Sources */ = {isa = PBXBuildFile; fileRef = 21F12D5428C1807300784750 /* DrawArrowRotateViewController.swift */; };
		21F12D5728C18AFB00784750 /* EraseView.swift in Sources */ = {isa = PBXBuildFile; fileRef = 21F12D5628C18AFB00784750 /* EraseView.swift */; };
		21F12D5928C18BC700784750 /* EraseViewController.swift in Sources */ = {isa = PBXBuildFile; fileRef = 21F12D5828C18BC700784750 /* EraseViewController.swift */; };
		21F12D5B28C18CB000784750 /* Erase2View.swift in Sources */ = {isa = PBXBuildFile; fileRef = 21F12D5A28C18CB000784750 /* Erase2View.swift */; };
		21F12D5D28C1912100784750 /* ContentView.swift in Sources */ = {isa = PBXBuildFile; fileRef = 21F12D5C28C1912100784750 /* ContentView.swift */; };
		21F12D5F28C1913E00784750 /* ContentViewController.swift in Sources */ = {isa = PBXBuildFile; fileRef = 21F12D5E28C1913E00784750 /* ContentViewController.swift */; };
		21FF237C28BAD13400520F4F /* ArrowGradientView.swift in Sources */ = {isa = PBXBuildFile; fileRef = 21FF237B28BAD13400520F4F /* ArrowGradientView.swift */; };
		21FF237E28BAD1C600520F4F /* DrawArrowGradientViewController.swift in Sources */ = {isa = PBXBuildFile; fileRef = 21FF237D28BAD1C600520F4F /* DrawArrowGradientViewController.swift */; };
/* End PBXBuildFile section */

/* Begin PBXFileReference section */
		21011C7128B84F4F0017A215 /* DrawArrowCGBlendViewController.swift */ = {isa = PBXFileReference; lastKnownFileType = sourcecode.swift; path = DrawArrowCGBlendViewController.swift; sourceTree = "<group>"; };
		21011C7328B84F640017A215 /* DrawArrowUIKitViewController.swift */ = {isa = PBXFileReference; lastKnownFileType = sourcecode.swift; path = DrawArrowUIKitViewController.swift; sourceTree = "<group>"; };
		21011C7528B853790017A215 /* ArrowCGBlendView.swift */ = {isa = PBXFileReference; lastKnownFileType = sourcecode.swift; path = ArrowCGBlendView.swift; sourceTree = "<group>"; };
		21011C7728B859880017A215 /* ArrowUIKitView.swift */ = {isa = PBXFileReference; lastKnownFileType = sourcecode.swift; path = ArrowUIKitView.swift; sourceTree = "<group>"; };
		21011C7928B85ED30017A215 /* DrawArrowCGClippingViewController.swift */ = {isa = PBXFileReference; lastKnownFileType = sourcecode.swift; path = DrawArrowCGClippingViewController.swift; sourceTree = "<group>"; };
		210218722895B92300195DC9 /* 02views-gc-commands.app */ = {isa = PBXFileReference; explicitFileType = wrapper.application; includeInIndex = 0; path = "02views-gc-commands.app"; sourceTree = BUILT_PRODUCTS_DIR; };
		210218752895B92300195DC9 /* AppDelegate.swift */ = {isa = PBXFileReference; lastKnownFileType = sourcecode.swift; path = AppDelegate.swift; sourceTree = "<group>"; };
		210218772895B92300195DC9 /* SceneDelegate.swift */ = {isa = PBXFileReference; lastKnownFileType = sourcecode.swift; path = SceneDelegate.swift; sourceTree = "<group>"; };
		210218792895B92300195DC9 /* RootViewController.swift */ = {isa = PBXFileReference; lastKnownFileType = sourcecode.swift; path = RootViewController.swift; sourceTree = "<group>"; };
		2102187E2895B92400195DC9 /* Assets.xcassets */ = {isa = PBXFileReference; lastKnownFileType = folder.assetcatalog; path = Assets.xcassets; sourceTree = "<group>"; };
		210218812895B92400195DC9 /* Base */ = {isa = PBXFileReference; lastKnownFileType = file.storyboard; name = Base; path = Base.lproj/LaunchScreen.storyboard; sourceTree = "<group>"; };
		210218832895B92400195DC9 /* Info.plist */ = {isa = PBXFileReference; lastKnownFileType = text.plist.xml; path = Info.plist; sourceTree = "<group>"; };
		2165228C28BF0BBA0039329F /* ArrowRotateView.swift */ = {isa = PBXFileReference; lastKnownFileType = sourcecode.swift; path = ArrowRotateView.swift; sourceTree = "<group>"; };
		217EA76B28B9197000CB24F8 /* ArrowClippingView.swift */ = {isa = PBXFileReference; lastKnownFileType = sourcecode.swift; path = ArrowClippingView.swift; sourceTree = "<group>"; };
		2189237C28BEEF8A00704598 /* ArrowPatternView.swift */ = {isa = PBXFileReference; lastKnownFileType = sourcecode.swift; path = ArrowPatternView.swift; sourceTree = "<group>"; };
		2189237E28BEF08400704598 /* DrawArrowPatternViewController.swift */ = {isa = PBXFileReference; lastKnownFileType = sourcecode.swift; path = DrawArrowPatternViewController.swift; sourceTree = "<group>"; };
		21F12D5428C1807300784750 /* DrawArrowRotateViewController.swift */ = {isa = PBXFileReference; lastKnownFileType = sourcecode.swift; path = DrawArrowRotateViewController.swift; sourceTree = "<group>"; };
		21F12D5628C18AFB00784750 /* EraseView.swift */ = {isa = PBXFileReference; lastKnownFileType = sourcecode.swift; path = EraseView.swift; sourceTree = "<group>"; };
		21F12D5828C18BC700784750 /* EraseViewController.swift */ = {isa = PBXFileReference; lastKnownFileType = sourcecode.swift; path = EraseViewController.swift; sourceTree = "<group>"; };
		21F12D5A28C18CB000784750 /* Erase2View.swift */ = {isa = PBXFileReference; lastKnownFileType = sourcecode.swift; path = Erase2View.swift; sourceTree = "<group>"; };
		21F12D5C28C1912100784750 /* ContentView.swift */ = {isa = PBXFileReference; lastKnownFileType = sourcecode.swift; path = ContentView.swift; sourceTree = "<group>"; };
		21F12D5E28C1913E00784750 /* ContentViewController.swift */ = {isa = PBXFileReference; lastKnownFileType = sourcecode.swift; path = ContentViewController.swift; sourceTree = "<group>"; };
		21FF237B28BAD13400520F4F /* ArrowGradientView.swift */ = {isa = PBXFileReference; lastKnownFileType = sourcecode.swift; path = ArrowGradientView.swift; sourceTree = "<group>"; };
		21FF237D28BAD1C600520F4F /* DrawArrowGradientViewController.swift */ = {isa = PBXFileReference; lastKnownFileType = sourcecode.swift; path = DrawArrowGradientViewController.swift; sourceTree = "<group>"; };
/* End PBXFileReference section */

/* Begin PBXFrameworksBuildPhase section */
		2102186F2895B92300195DC9 /* Frameworks */ = {
			isa = PBXFrameworksBuildPhase;
			buildActionMask = 2147483647;
			files = (
			);
			runOnlyForDeploymentPostprocessing = 0;
		};
/* End PBXFrameworksBuildPhase section */

/* Begin PBXGroup section */
		210218692895B92300195DC9 = {
			isa = PBXGroup;
			children = (
				210218742895B92300195DC9 /* 02views-gc-commands */,
				210218732895B92300195DC9 /* Products */,
			);
			sourceTree = "<group>";
		};
		210218732895B92300195DC9 /* Products */ = {
			isa = PBXGroup;
			children = (
				210218722895B92300195DC9 /* 02views-gc-commands.app */,
			);
			name = Products;
			sourceTree = "<group>";
		};
		210218742895B92300195DC9 /* 02views-gc-commands */ = {
			isa = PBXGroup;
			children = (
				219C247B28B96C9000C6A6EE /* Views */,
				219C247A28B96C7700C6A6EE /* Controllers */,
				210218752895B92300195DC9 /* AppDelegate.swift */,
				210218772895B92300195DC9 /* SceneDelegate.swift */,
				2102187E2895B92400195DC9 /* Assets.xcassets */,
				210218802895B92400195DC9 /* LaunchScreen.storyboard */,
				210218832895B92400195DC9 /* Info.plist */,
			);
			path = "02views-gc-commands";
			sourceTree = "<group>";
		};
		219C247A28B96C7700C6A6EE /* Controllers */ = {
			isa = PBXGroup;
			children = (
				210218792895B92300195DC9 /* RootViewController.swift */,
				21011C7128B84F4F0017A215 /* DrawArrowCGBlendViewController.swift */,
				21011C7328B84F640017A215 /* DrawArrowUIKitViewController.swift */,
				21011C7928B85ED30017A215 /* DrawArrowCGClippingViewController.swift */,
				21FF237D28BAD1C600520F4F /* DrawArrowGradientViewController.swift */,
				2189237E28BEF08400704598 /* DrawArrowPatternViewController.swift */,
				21F12D5428C1807300784750 /* DrawArrowRotateViewController.swift */,
				21F12D5828C18BC700784750 /* EraseViewController.swift */,
				21F12D5E28C1913E00784750 /* ContentViewController.swift */,
			);
			path = Controllers;
			sourceTree = "<group>";
		};
		219C247B28B96C9000C6A6EE /* Views */ = {
			isa = PBXGroup;
			children = (
				21011C7728B859880017A215 /* ArrowUIKitView.swift */,
				217EA76B28B9197000CB24F8 /* ArrowClippingView.swift */,
				21011C7528B853790017A215 /* ArrowCGBlendView.swift */,
				21FF237B28BAD13400520F4F /* ArrowGradientView.swift */,
				2189237C28BEEF8A00704598 /* ArrowPatternView.swift */,
				2165228C28BF0BBA0039329F /* ArrowRotateView.swift */,
				21F12D5628C18AFB00784750 /* EraseView.swift */,
				21F12D5A28C18CB000784750 /* Erase2View.swift */,
				21F12D5C28C1912100784750 /* ContentView.swift */,
			);
			path = Views;
			sourceTree = "<group>";
		};
/* End PBXGroup section */

/* Begin PBXNativeTarget section */
		210218712895B92300195DC9 /* 02views-gc-commands */ = {
			isa = PBXNativeTarget;
			buildConfigurationList = 210218862895B92400195DC9 /* Build configuration list for PBXNativeTarget "02views-gc-commands" */;
			buildPhases = (
				2102186E2895B92300195DC9 /* Sources */,
				2102186F2895B92300195DC9 /* Frameworks */,
				210218702895B92300195DC9 /* Resources */,
			);
			buildRules = (
			);
			dependencies = (
			);
			name = "02views-gc-commands";
			productName = "template-swift-no-sb";
			productReference = 210218722895B92300195DC9 /* 02views-gc-commands.app */;
			productType = "com.apple.product-type.application";
		};
/* End PBXNativeTarget section */

/* Begin PBXProject section */
		2102186A2895B92300195DC9 /* Project object */ = {
			isa = PBXProject;
			attributes = {
				BuildIndependentTargetsInParallel = 1;
				LastSwiftUpdateCheck = 1340;
				LastUpgradeCheck = 1340;
				TargetAttributes = {
					210218712895B92300195DC9 = {
						CreatedOnToolsVersion = 13.4.1;
					};
				};
			};
			buildConfigurationList = 2102186D2895B92300195DC9 /* Build configuration list for PBXProject "02views-gc-commands" */;
			compatibilityVersion = "Xcode 13.0";
			developmentRegion = en;
			hasScannedForEncodings = 0;
			knownRegions = (
				en,
				Base,
			);
			mainGroup = 210218692895B92300195DC9;
			productRefGroup = 210218732895B92300195DC9 /* Products */;
			projectDirPath = "";
			projectRoot = "";
			targets = (
				210218712895B92300195DC9 /* 02views-gc-commands */,
			);
		};
/* End PBXProject section */

/* Begin PBXResourcesBuildPhase section */
		210218702895B92300195DC9 /* Resources */ = {
			isa = PBXResourcesBuildPhase;
			buildActionMask = 2147483647;
			files = (
				210218822895B92400195DC9 /* LaunchScreen.storyboard in Resources */,
				2102187F2895B92400195DC9 /* Assets.xcassets in Resources */,
			);
			runOnlyForDeploymentPostprocessing = 0;
		};
/* End PBXResourcesBuildPhase section */

/* Begin PBXSourcesBuildPhase section */
		2102186E2895B92300195DC9 /* Sources */ = {
			isa = PBXSourcesBuildPhase;
			buildActionMask = 2147483647;
			files = (
				21F12D5F28C1913E00784750 /* ContentViewController.swift in Sources */,
				21FF237C28BAD13400520F4F /* ArrowGradientView.swift in Sources */,
				2189237D28BEEF8A00704598 /* ArrowPatternView.swift in Sources */,
				21011C7228B84F4F0017A215 /* DrawArrowCGBlendViewController.swift in Sources */,
				2102187A2895B92300195DC9 /* RootViewController.swift in Sources */,
				21F12D5928C18BC700784750 /* EraseViewController.swift in Sources */,
				21011C7A28B85ED30017A215 /* DrawArrowCGClippingViewController.swift in Sources */,
				21F12D5728C18AFB00784750 /* EraseView.swift in Sources */,
				217EA76C28B9197000CB24F8 /* ArrowClippingView.swift in Sources */,
				21F12D5D28C1912100784750 /* ContentView.swift in Sources */,
				21011C7628B853790017A215 /* ArrowCGBlendView.swift in Sources */,
				2189237F28BEF08400704598 /* DrawArrowPatternViewController.swift in Sources */,
				210218762895B92300195DC9 /* AppDelegate.swift in Sources */,
				21F12D5528C1807300784750 /* DrawArrowRotateViewController.swift in Sources */,
				21FF237E28BAD1C600520F4F /* DrawArrowGradientViewController.swift in Sources */,
				210218782895B92300195DC9 /* SceneDelegate.swift in Sources */,
				21F12D5B28C18CB000784750 /* Erase2View.swift in Sources */,
				21011C7828B859880017A215 /* ArrowUIKitView.swift in Sources */,
				21011C7428B84F640017A215 /* DrawArrowUIKitViewController.swift in Sources */,
				2165228D28BF0BBA0039329F /* ArrowRotateView.swift in Sources */,
			);
			runOnlyForDeploymentPostprocessing = 0;
		};
/* End PBXSourcesBuildPhase section */

/* Begin PBXVariantGroup section */
		210218802895B92400195DC9 /* LaunchScreen.storyboard */ = {
			isa = PBXVariantGroup;
			children = (
				210218812895B92400195DC9 /* Base */,
			);
			name = LaunchScreen.storyboard;
			sourceTree = "<group>";
		};
/* End PBXVariantGroup section */

/* Begin XCBuildConfiguration section */
		210218842895B92400195DC9 /* Debug */ = {
			isa = XCBuildConfiguration;
			buildSettings = {
				ALWAYS_SEARCH_USER_PATHS = NO;
				CLANG_ANALYZER_NONNULL = YES;
				CLANG_ANALYZER_NUMBER_OBJECT_CONVERSION = YES_AGGRESSIVE;
				CLANG_CXX_LANGUAGE_STANDARD = "gnu++17";
				CLANG_ENABLE_MODULES = YES;
				CLANG_ENABLE_OBJC_ARC = YES;
				CLANG_ENABLE_OBJC_WEAK = YES;
				CLANG_WARN_BLOCK_CAPTURE_AUTORELEASING = YES;
				CLANG_WARN_BOOL_CONVERSION = YES;
				CLANG_WARN_COMMA = YES;
				CLANG_WARN_CONSTANT_CONVERSION = YES;
				CLANG_WARN_DEPRECATED_OBJC_IMPLEMENTATIONS = YES;
				CLANG_WARN_DIRECT_OBJC_ISA_USAGE = YES_ERROR;
				CLANG_WARN_DOCUMENTATION_COMMENTS = YES;
				CLANG_WARN_EMPTY_BODY = YES;
				CLANG_WARN_ENUM_CONVERSION = YES;
				CLANG_WARN_INFINITE_RECURSION = YES;
				CLANG_WARN_INT_CONVERSION = YES;
				CLANG_WARN_NON_LITERAL_NULL_CONVERSION = YES;
				CLANG_WARN_OBJC_IMPLICIT_RETAIN_SELF = YES;
				CLANG_WARN_OBJC_LITERAL_CONVERSION = YES;
				CLANG_WARN_OBJC_ROOT_CLASS = YES_ERROR;
				CLANG_WARN_QUOTED_INCLUDE_IN_FRAMEWORK_HEADER = YES;
				CLANG_WARN_RANGE_LOOP_ANALYSIS = YES;
				CLANG_WARN_STRICT_PROTOTYPES = YES;
				CLANG_WARN_SUSPICIOUS_MOVE = YES;
				CLANG_WARN_UNGUARDED_AVAILABILITY = YES_AGGRESSIVE;
				CLANG_WARN_UNREACHABLE_CODE = YES;
				CLANG_WARN__DUPLICATE_METHOD_MATCH = YES;
				COPY_PHASE_STRIP = NO;
				DEBUG_INFORMATION_FORMAT = dwarf;
				ENABLE_STRICT_OBJC_MSGSEND = YES;
				ENABLE_TESTABILITY = YES;
				GCC_C_LANGUAGE_STANDARD = gnu11;
				GCC_DYNAMIC_NO_PIC = NO;
				GCC_NO_COMMON_BLOCKS = YES;
				GCC_OPTIMIZATION_LEVEL = 0;
				GCC_PREPROCESSOR_DEFINITIONS = (
					"DEBUG=1",
					"$(inherited)",
				);
				GCC_WARN_64_TO_32_BIT_CONVERSION = YES;
				GCC_WARN_ABOUT_RETURN_TYPE = YES_ERROR;
				GCC_WARN_UNDECLARED_SELECTOR = YES;
				GCC_WARN_UNINITIALIZED_AUTOS = YES_AGGRESSIVE;
				GCC_WARN_UNUSED_FUNCTION = YES;
				GCC_WARN_UNUSED_VARIABLE = YES;
				IPHONEOS_DEPLOYMENT_TARGET = 15.5;
				MTL_ENABLE_DEBUG_INFO = INCLUDE_SOURCE;
				MTL_FAST_MATH = YES;
				ONLY_ACTIVE_ARCH = YES;
				SDKROOT = iphoneos;
				SWIFT_ACTIVE_COMPILATION_CONDITIONS = DEBUG;
				SWIFT_OPTIMIZATION_LEVEL = "-Onone";
			};
			name = Debug;
		};
		210218852895B92400195DC9 /* Release */ = {
			isa = XCBuildConfiguration;
			buildSettings = {
				ALWAYS_SEARCH_USER_PATHS = NO;
				CLANG_ANALYZER_NONNULL = YES;
				CLANG_ANALYZER_NUMBER_OBJECT_CONVERSION = YES_AGGRESSIVE;
				CLANG_CXX_LANGUAGE_STANDARD = "gnu++17";
				CLANG_ENABLE_MODULES = YES;
				CLANG_ENABLE_OBJC_ARC = YES;
				CLANG_ENABLE_OBJC_WEAK = YES;
				CLANG_WARN_BLOCK_CAPTURE_AUTORELEASING = YES;
				CLANG_WARN_BOOL_CONVERSION = YES;
				CLANG_WARN_COMMA = YES;
				CLANG_WARN_CONSTANT_CONVERSION = YES;
				CLANG_WARN_DEPRECATED_OBJC_IMPLEMENTATIONS = YES;
				CLANG_WARN_DIRECT_OBJC_ISA_USAGE = YES_ERROR;
				CLANG_WARN_DOCUMENTATION_COMMENTS = YES;
				CLANG_WARN_EMPTY_BODY = YES;
				CLANG_WARN_ENUM_CONVERSION = YES;
				CLANG_WARN_INFINITE_RECURSION = YES;
				CLANG_WARN_INT_CONVERSION = YES;
				CLANG_WARN_NON_LITERAL_NULL_CONVERSION = YES;
				CLANG_WARN_OBJC_IMPLICIT_RETAIN_SELF = YES;
				CLANG_WARN_OBJC_LITERAL_CONVERSION = YES;
				CLANG_WARN_OBJC_ROOT_CLASS = YES_ERROR;
				CLANG_WARN_QUOTED_INCLUDE_IN_FRAMEWORK_HEADER = YES;
				CLANG_WARN_RANGE_LOOP_ANALYSIS = YES;
				CLANG_WARN_STRICT_PROTOTYPES = YES;
				CLANG_WARN_SUSPICIOUS_MOVE = YES;
				CLANG_WARN_UNGUARDED_AVAILABILITY = YES_AGGRESSIVE;
				CLANG_WARN_UNREACHABLE_CODE = YES;
				CLANG_WARN__DUPLICATE_METHOD_MATCH = YES;
				COPY_PHASE_STRIP = NO;
				DEBUG_INFORMATION_FORMAT = "dwarf-with-dsym";
				ENABLE_NS_ASSERTIONS = NO;
				ENABLE_STRICT_OBJC_MSGSEND = YES;
				GCC_C_LANGUAGE_STANDARD = gnu11;
				GCC_NO_COMMON_BLOCKS = YES;
				GCC_WARN_64_TO_32_BIT_CONVERSION = YES;
				GCC_WARN_ABOUT_RETURN_TYPE = YES_ERROR;
				GCC_WARN_UNDECLARED_SELECTOR = YES;
				GCC_WARN_UNINITIALIZED_AUTOS = YES_AGGRESSIVE;
				GCC_WARN_UNUSED_FUNCTION = YES;
				GCC_WARN_UNUSED_VARIABLE = YES;
				IPHONEOS_DEPLOYMENT_TARGET = 15.5;
				MTL_ENABLE_DEBUG_INFO = NO;
				MTL_FAST_MATH = YES;
				SDKROOT = iphoneos;
				SWIFT_COMPILATION_MODE = wholemodule;
				SWIFT_OPTIMIZATION_LEVEL = "-O";
				VALIDATE_PRODUCT = YES;
			};
			name = Release;
		};
		210218872895B92400195DC9 /* Debug */ = {
			isa = XCBuildConfiguration;
			buildSettings = {
				ASSETCATALOG_COMPILER_APPICON_NAME = AppIcon;
				ASSETCATALOG_COMPILER_GLOBAL_ACCENT_COLOR_NAME = AccentColor;
				CODE_SIGN_STYLE = Automatic;
				CURRENT_PROJECT_VERSION = 1;
				GENERATE_INFOPLIST_FILE = YES;
				INFOPLIST_FILE = "02views-gc-commands/Info.plist";
				INFOPLIST_KEY_UIApplicationSupportsIndirectInputEvents = YES;
				INFOPLIST_KEY_UILaunchStoryboardName = LaunchScreen;
				INFOPLIST_KEY_UISupportedInterfaceOrientations_iPad = "UIInterfaceOrientationPortrait UIInterfaceOrientationPortraitUpsideDown UIInterfaceOrientationLandscapeLeft UIInterfaceOrientationLandscapeRight";
				INFOPLIST_KEY_UISupportedInterfaceOrientations_iPhone = "UIInterfaceOrientationPortrait UIInterfaceOrientationLandscapeLeft UIInterfaceOrientationLandscapeRight";
				LD_RUNPATH_SEARCH_PATHS = (
					"$(inherited)",
					"@executable_path/Frameworks",
				);
				MARKETING_VERSION = 1.0;
				PRODUCT_BUNDLE_IDENTIFIER = "com.axsoftware.02views-gc-commands";
				PRODUCT_NAME = "$(TARGET_NAME)";
				SWIFT_EMIT_LOC_STRINGS = YES;
				SWIFT_VERSION = 5.0;
				TARGETED_DEVICE_FAMILY = "1,2";
			};
			name = Debug;
		};
		210218882895B92400195DC9 /* Release */ = {
			isa = XCBuildConfiguration;
			buildSettings = {
				ASSETCATALOG_COMPILER_APPICON_NAME = AppIcon;
				ASSETCATALOG_COMPILER_GLOBAL_ACCENT_COLOR_NAME = AccentColor;
				CODE_SIGN_STYLE = Automatic;
				CURRENT_PROJECT_VERSION = 1;
				GENERATE_INFOPLIST_FILE = YES;
				INFOPLIST_FILE = "02views-gc-commands/Info.plist";
				INFOPLIST_KEY_UIApplicationSupportsIndirectInputEvents = YES;
				INFOPLIST_KEY_UILaunchStoryboardName = LaunchScreen;
				INFOPLIST_KEY_UISupportedInterfaceOrientations_iPad = "UIInterfaceOrientationPortrait UIInterfaceOrientationPortraitUpsideDown UIInterfaceOrientationLandscapeLeft UIInterfaceOrientationLandscapeRight";
				INFOPLIST_KEY_UISupportedInterfaceOrientations_iPhone = "UIInterfaceOrientationPortrait UIInterfaceOrientationLandscapeLeft UIInterfaceOrientationLandscapeRight";
				LD_RUNPATH_SEARCH_PATHS = (
					"$(inherited)",
					"@executable_path/Frameworks",
				);
				MARKETING_VERSION = 1.0;
				PRODUCT_BUNDLE_IDENTIFIER = "com.axsoftware.02views-gc-commands";
				PRODUCT_NAME = "$(TARGET_NAME)";
				SWIFT_EMIT_LOC_STRINGS = YES;
				SWIFT_VERSION = 5.0;
				TARGETED_DEVICE_FAMILY = "1,2";
			};
			name = Release;
		};
/* End XCBuildConfiguration section */

/* Begin XCConfigurationList section */
		2102186D2895B92300195DC9 /* Build configuration list for PBXProject "02views-gc-commands" */ = {
			isa = XCConfigurationList;
			buildConfigurations = (
				210218842895B92400195DC9 /* Debug */,
				210218852895B92400195DC9 /* Release */,
			);
			defaultConfigurationIsVisible = 0;
			defaultConfigurationName = Release;
		};
		210218862895B92400195DC9 /* Build configuration list for PBXNativeTarget "02views-gc-commands" */ = {
			isa = XCConfigurationList;
			buildConfigurations = (
				210218872895B92400195DC9 /* Debug */,
				210218882895B92400195DC9 /* Release */,
			);
			defaultConfigurationIsVisible = 0;
			defaultConfigurationName = Release;
		};
/* End XCConfigurationList section */
	};
	rootObject = 2102186A2895B92300195DC9 /* Project object */;
}
